
Microsoft Visual Studio Solution File, Format Version 12.00
# Visual Studio Version 17
VisualStudioVersion = 17.9.34728.123
MinimumVisualStudioVersion = 10.0.40219.1
Project("{9A19103F-16F7-4668-BE54-9A1E7A4F7556}") = "InvoiceManagement", "InvoiceManagement.csproj", "{51FBF527-B0B6-4916-A97A-5441B2DC336B}"
EndProject
Global
	GlobalSection(SolutionConfigurationPlatforms) = preSolution
		Debug|Any CPU = Debug|Any CPU
		Release|Any CPU = Release|Any CPU
	EndGlobalSection
	GlobalSection(ProjectConfigurationPlatforms) = postSolution
		{51FBF527-B0B6-4916-A97A-5441B2DC336B}.Debug|Any CPU.ActiveCfg = Debug|Any CPU
		{51FBF527-B0B6-4916-A97A-5441B2DC336B}.Debug|Any CPU.Build.0 = Debug|Any CPU
		{51FBF527-B0B6-4916-A97A-5441B2DC336B}.Release|Any CPU.ActiveCfg = Release|Any CPU
		{51FBF527-B0B6-4916-A97A-5441B2DC336B}.Release|Any CPU.Build.0 = Release|Any CPU
	EndGlobalSection
	GlobalSection(SolutionProperties) = preSolution
		HideSolutionNode = FALSE
	EndGlobalSection
	GlobalSection(ExtensibilityGlobals) = postSolution
		SolutionGuid = {37AB3E7F-B500-4581-8347-4D4567ED0AFD}
	EndGlobalSection
EndGlobal
